
Microsoft Visual Studio Solution File, Format Version 12.00
# Visual Studio Version 17
VisualStudioVersion = 17.5.002.0
MinimumVisualStudioVersion = 10.0.40219.1
Project("{9A19103F-16F7-4668-BE54-9A1E7A4F7556}") = "moment3", "moment3.csproj", "{4DAE60E7-CF6B-4904-BF43-2E99FE5A7E02}"
EndProject
Global
	GlobalSection(SolutionConfigurationPlatforms) = preSolution
		Debug|Any CPU = Debug|Any CPU
		Release|Any CPU = Release|Any CPU
	EndGlobalSection
	GlobalSection(ProjectConfigurationPlatforms) = postSolution
		{4DAE60E7-CF6B-4904-BF43-2E99FE5A7E02}.Debug|Any CPU.ActiveCfg = Debug|Any CPU
		{4DAE60E7-CF6B-4904-BF43-2E99FE5A7E02}.Debug|Any CPU.Build.0 = Debug|Any CPU
		{4DAE60E7-CF6B-4904-BF43-2E99FE5A7E02}.Release|Any CPU.ActiveCfg = Release|Any CPU
		{4DAE60E7-CF6B-4904-BF43-2E99FE5A7E02}.Release|Any CPU.Build.0 = Release|Any CPU
	EndGlobalSection
	GlobalSection(SolutionProperties) = preSolution
		HideSolutionNode = FALSE
	EndGlobalSection
	GlobalSection(ExtensibilityGlobals) = postSolution
		SolutionGuid = {A033D7F6-6F68-4A6E-BD4C-B12B585360F1}
	EndGlobalSection
EndGlobal
